
Microsoft Visual Studio Solution File, Format Version 12.00
# Visual Studio 15
VisualStudioVersion = 15.0.26430.13
MinimumVisualStudioVersion = 10.0.40219.1
Project("{FAE04EC0-301F-11D3-BF4B-00C04F79EFBC}") = "HanabiCompanion.UI", "HanabiCompanion\HanabiCompanion.UI\HanabiCompanion.UI.csproj", "{A69DFAE1-F15C-444A-8D18-96854630888F}"
EndProject
Project("{FAE04EC0-301F-11D3-BF4B-00C04F79EFBC}") = "HanabiCompanion.Data", "HanabiCompanion\HanabiCompanion.Data\HanabiCompanion.Data.csproj", "{271EEF2D-FFE3-4951-BB8B-A2177F277580}"
EndProject
Global
	GlobalSection(SolutionConfigurationPlatforms) = preSolution
		Debug|Any CPU = Debug|Any CPU
		Debug|ARM = Debug|ARM
		Debug|x64 = Debug|x64
		Debug|x86 = Debug|x86
		Release|Any CPU = Release|Any CPU
		Release|ARM = Release|ARM
		Release|x64 = Release|x64
		Release|x86 = Release|x86
	EndGlobalSection
	GlobalSection(ProjectConfigurationPlatforms) = postSolution
		{A69DFAE1-F15C-444A-8D18-96854630888F}.Debug|Any CPU.ActiveCfg = Debug|x86
		{A69DFAE1-F15C-444A-8D18-96854630888F}.Debug|ARM.ActiveCfg = Debug|ARM
		{A69DFAE1-F15C-444A-8D18-96854630888F}.Debug|ARM.Build.0 = Debug|ARM
		{A69DFAE1-F15C-444A-8D18-96854630888F}.Debug|ARM.Deploy.0 = Debug|ARM
		{A69DFAE1-F15C-444A-8D18-96854630888F}.Debug|x64.ActiveCfg = Debug|x64
		{A69DFAE1-F15C-444A-8D18-96854630888F}.Debug|x64.Build.0 = Debug|x64
		{A69DFAE1-F15C-444A-8D18-96854630888F}.Debug|x64.Deploy.0 = Debug|x64
		{A69DFAE1-F15C-444A-8D18-96854630888F}.Debug|x86.ActiveCfg = Debug|x86
		{A69DFAE1-F15C-444A-8D18-96854630888F}.Debug|x86.Build.0 = Debug|x86
		{A69DFAE1-F15C-444A-8D18-96854630888F}.Debug|x86.Deploy.0 = Debug|x86
		{A69DFAE1-F15C-444A-8D18-96854630888F}.Release|Any CPU.ActiveCfg = Release|x86
		{A69DFAE1-F15C-444A-8D18-96854630888F}.Release|ARM.ActiveCfg = Release|ARM
		{A69DFAE1-F15C-444A-8D18-96854630888F}.Release|ARM.Build.0 = Release|ARM
		{A69DFAE1-F15C-444A-8D18-96854630888F}.Release|ARM.Deploy.0 = Release|ARM
		{A69DFAE1-F15C-444A-8D18-96854630888F}.Release|x64.ActiveCfg = Release|x64
		{A69DFAE1-F15C-444A-8D18-96854630888F}.Release|x64.Build.0 = Release|x64
		{A69DFAE1-F15C-444A-8D18-96854630888F}.Release|x64.Deploy.0 = Release|x64
		{A69DFAE1-F15C-444A-8D18-96854630888F}.Release|x86.ActiveCfg = Release|x86
		{A69DFAE1-F15C-444A-8D18-96854630888F}.Release|x86.Build.0 = Release|x86
		{A69DFAE1-F15C-444A-8D18-96854630888F}.Release|x86.Deploy.0 = Release|x86
		{271EEF2D-FFE3-4951-BB8B-A2177F277580}.Debug|Any CPU.ActiveCfg = Debug|Any CPU
		{271EEF2D-FFE3-4951-BB8B-A2177F277580}.Debug|Any CPU.Build.0 = Debug|Any CPU
		{271EEF2D-FFE3-4951-BB8B-A2177F277580}.Debug|ARM.ActiveCfg = Debug|ARM
		{271EEF2D-FFE3-4951-BB8B-A2177F277580}.Debug|ARM.Build.0 = Debug|ARM
		{271EEF2D-FFE3-4951-BB8B-A2177F277580}.Debug|x64.ActiveCfg = Debug|x64
		{271EEF2D-FFE3-4951-BB8B-A2177F277580}.Debug|x64.Build.0 = Debug|x64
		{271EEF2D-FFE3-4951-BB8B-A2177F277580}.Debug|x86.ActiveCfg = Debug|x86
		{271EEF2D-FFE3-4951-BB8B-A2177F277580}.Debug|x86.Build.0 = Debug|x86
		{271EEF2D-FFE3-4951-BB8B-A2177F277580}.Release|Any CPU.ActiveCfg = Release|Any CPU
		{271EEF2D-FFE3-4951-BB8B-A2177F277580}.Release|Any CPU.Build.0 = Release|Any CPU
		{271EEF2D-FFE3-4951-BB8B-A2177F277580}.Release|ARM.ActiveCfg = Release|ARM
		{271EEF2D-FFE3-4951-BB8B-A2177F277580}.Release|ARM.Build.0 = Release|ARM
		{271EEF2D-FFE3-4951-BB8B-A2177F277580}.Release|x64.ActiveCfg = Release|x64
		{271EEF2D-FFE3-4951-BB8B-A2177F277580}.Release|x64.Build.0 = Release|x64
		{271EEF2D-FFE3-4951-BB8B-A2177F277580}.Release|x86.ActiveCfg = Release|x86
		{271EEF2D-FFE3-4951-BB8B-A2177F277580}.Release|x86.Build.0 = Release|x86
	EndGlobalSection
	GlobalSection(SolutionProperties) = preSolution
		HideSolutionNode = FALSE
	EndGlobalSection
EndGlobal
